
Microsoft Visual Studio Solution File, Format Version 12.00
# Visual Studio Version 16
VisualStudioVersion = 16.0.31424.327
MinimumVisualStudioVersion = 10.0.40219.1
Project("{FAE04EC0-301F-11D3-BF4B-00C04F79EFBC}") = "WindowsCalculator", "WindowsCalculator\WindowsCalculator.csproj", "{B779F2EE-0AB6-44A2-90BA-96E104A9B56F}"
EndProject
Global
	GlobalSection(SolutionConfigurationPlatforms) = preSolution
		Debug|Any CPU = Debug|Any CPU
		Release|Any CPU = Release|Any CPU
	EndGlobalSection
	GlobalSection(ProjectConfigurationPlatforms) = postSolution
		{B779F2EE-0AB6-44A2-90BA-96E104A9B56F}.Debug|Any CPU.ActiveCfg = Debug|Any CPU
		{B779F2EE-0AB6-44A2-90BA-96E104A9B56F}.Debug|Any CPU.Build.0 = Debug|Any CPU
		{B779F2EE-0AB6-44A2-90BA-96E104A9B56F}.Release|Any CPU.ActiveCfg = Release|Any CPU
		{B779F2EE-0AB6-44A2-90BA-96E104A9B56F}.Release|Any CPU.Build.0 = Release|Any CPU
	EndGlobalSection
	GlobalSection(SolutionProperties) = preSolution
		HideSolutionNode = FALSE
	EndGlobalSection
	GlobalSection(ExtensibilityGlobals) = postSolution
		SolutionGuid = {1BD13BF9-58B7-4F69-B651-FE36469F8A1C}
	EndGlobalSection
EndGlobal
